// !$*UTF8*$!
{
	archiveVersion = 1;
	classes = {
	};
	objectVersion = 55;
	objects = {

/* Begin PBXBuildFile section */
		A320C8E828BE578100400702 /* DescriptionViewControlller.swift in Sources */ = {isa = PBXBuildFile; fileRef = A320C8E728BE578100400702 /* DescriptionViewControlller.swift */; };
		A3A845A428BB8FCB003AAAB8 /* AppDelegate.swift in Sources */ = {isa = PBXBuildFile; fileRef = A3A845A328BB8FCB003AAAB8 /* AppDelegate.swift */; };
		A3A845AB28BB8FCB003AAAB8 /* Main.storyboard in Resources */ = {isa = PBXBuildFile; fileRef = A3A845A928BB8FCB003AAAB8 /* Main.storyboard */; };
		A3A845AD28BB8FCE003AAAB8 /* Assets.xcassets in Resources */ = {isa = PBXBuildFile; fileRef = A3A845AC28BB8FCE003AAAB8 /* Assets.xcassets */; };
		A3A845B028BB8FCE003AAAB8 /* LaunchScreen.storyboard in Resources */ = {isa = PBXBuildFile; fileRef = A3A845AE28BB8FCE003AAAB8 /* LaunchScreen.storyboard */; };
		A3A845D528BB90B3003AAAB8 /* Constants.swift in Sources */ = {isa = PBXBuildFile; fileRef = A3A845D428BB90B3003AAAB8 /* Constants.swift */; };
		A3A845D728BB920C003AAAB8 /* Client.swift in Sources */ = {isa = PBXBuildFile; fileRef = A3A845D628BB920C003AAAB8 /* Client.swift */; };
		A3A845DA28BB9405003AAAB8 /* PhotoListViewController.swift in Sources */ = {isa = PBXBuildFile; fileRef = A3A845D928BB9405003AAAB8 /* PhotoListViewController.swift */; };
		A3A845DC28BB960C003AAAB8 /* Methods.swift in Sources */ = {isa = PBXBuildFile; fileRef = A3A845DB28BB960C003AAAB8 /* Methods.swift */; };
		A3A845DF28BBA7E9003AAAB8 /* PhotoTableViewCell.swift in Sources */ = {isa = PBXBuildFile; fileRef = A3A845DE28BBA7E9003AAAB8 /* PhotoTableViewCell.swift */; };
		A3A845E128BBAF9B003AAAB8 /* Photo.swift in Sources */ = {isa = PBXBuildFile; fileRef = A3A845E028BBAF9B003AAAB8 /* Photo.swift */; };
		A3A845E328BBBC5E003AAAB8 /* SceneDelegate.swift in Sources */ = {isa = PBXBuildFile; fileRef = A3A845E228BBBC5E003AAAB8 /* SceneDelegate.swift */; };
		A3E7ACE728BE79540026A07E /* ReadMe.md in Resources */ = {isa = PBXBuildFile; fileRef = A3E7ACE628BE79540026A07E /* ReadMe.md */; };
/* End PBXBuildFile section */

/* Begin PBXContainerItemProxy section */
		A3A845B728BB8FCF003AAAB8 /* PBXContainerItemProxy */ = {
			isa = PBXContainerItemProxy;
			containerPortal = A3A8459828BB8FCB003AAAB8 /* Project object */;
			proxyType = 1;
			remoteGlobalIDString = A3A8459F28BB8FCB003AAAB8;
			remoteInfo = Capture;
		};
		A3A845C128BB8FCF003AAAB8 /* PBXContainerItemProxy */ = {
			isa = PBXContainerItemProxy;
			containerPortal = A3A8459828BB8FCB003AAAB8 /* Project object */;
			proxyType = 1;
			remoteGlobalIDString = A3A8459F28BB8FCB003AAAB8;
			remoteInfo = Capture;
		};
/* End PBXContainerItemProxy section */

/* Begin PBXFileReference section */
		A320C8E728BE578100400702 /* DescriptionViewControlller.swift */ = {isa = PBXFileReference; lastKnownFileType = sourcecode.swift; path = DescriptionViewControlller.swift; sourceTree = "<group>"; };
		A3A845A028BB8FCB003AAAB8 /* Capture.app */ = {isa = PBXFileReference; explicitFileType = wrapper.application; includeInIndex = 0; path = Capture.app; sourceTree = BUILT_PRODUCTS_DIR; };
		A3A845A328BB8FCB003AAAB8 /* AppDelegate.swift */ = {isa = PBXFileReference; lastKnownFileType = sourcecode.swift; path = AppDelegate.swift; sourceTree = "<group>"; };
		A3A845AA28BB8FCB003AAAB8 /* Base */ = {isa = PBXFileReference; lastKnownFileType = file.storyboard; name = Base; path = Base.lproj/Main.storyboard; sourceTree = "<group>"; };
		A3A845AC28BB8FCE003AAAB8 /* Assets.xcassets */ = {isa = PBXFileReference; lastKnownFileType = folder.assetcatalog; path = Assets.xcassets; sourceTree = "<group>"; };
		A3A845AF28BB8FCE003AAAB8 /* Base */ = {isa = PBXFileReference; lastKnownFileType = file.storyboard; name = Base; path = Base.lproj/LaunchScreen.storyboard; sourceTree = "<group>"; };
		A3A845B128BB8FCE003AAAB8 /* Info.plist */ = {isa = PBXFileReference; lastKnownFileType = text.plist.xml; path = Info.plist; sourceTree = "<group>"; };
		A3A845B628BB8FCF003AAAB8 /* CaptureTests.xctest */ = {isa = PBXFileReference; explicitFileType = wrapper.cfbundle; includeInIndex = 0; path = CaptureTests.xctest; sourceTree = BUILT_PRODUCTS_DIR; };
		A3A845C028BB8FCF003AAAB8 /* CaptureUITests.xctest */ = {isa = PBXFileReference; explicitFileType = wrapper.cfbundle; includeInIndex = 0; path = CaptureUITests.xctest; sourceTree = BUILT_PRODUCTS_DIR; };
		A3A845D428BB90B3003AAAB8 /* Constants.swift */ = {isa = PBXFileReference; lastKnownFileType = sourcecode.swift; path = Constants.swift; sourceTree = "<group>"; };
		A3A845D628BB920C003AAAB8 /* Client.swift */ = {isa = PBXFileReference; lastKnownFileType = sourcecode.swift; path = Client.swift; sourceTree = "<group>"; };
		A3A845D928BB9405003AAAB8 /* PhotoListViewController.swift */ = {isa = PBXFileReference; lastKnownFileType = sourcecode.swift; path = PhotoListViewController.swift; sourceTree = "<group>"; };
		A3A845DB28BB960C003AAAB8 /* Methods.swift */ = {isa = PBXFileReference; lastKnownFileType = sourcecode.swift; path = Methods.swift; sourceTree = "<group>"; };
		A3A845DE28BBA7E9003AAAB8 /* PhotoTableViewCell.swift */ = {isa = PBXFileReference; lastKnownFileType = sourcecode.swift; path = PhotoTableViewCell.swift; sourceTree = "<group>"; };
		A3A845E028BBAF9B003AAAB8 /* Photo.swift */ = {isa = PBXFileReference; lastKnownFileType = sourcecode.swift; path = Photo.swift; sourceTree = "<group>"; };
		A3A845E228BBBC5E003AAAB8 /* SceneDelegate.swift */ = {isa = PBXFileReference; fileEncoding = 4; lastKnownFileType = sourcecode.swift; path = SceneDelegate.swift; sourceTree = "<group>"; };
		A3E7ACE628BE79540026A07E /* ReadMe.md */ = {isa = PBXFileReference; lastKnownFileType = net.daringfireball.markdown; path = ReadMe.md; sourceTree = "<group>"; };
/* End PBXFileReference section */

/* Begin PBXFrameworksBuildPhase section */
		A3A8459D28BB8FCB003AAAB8 /* Frameworks */ = {
			isa = PBXFrameworksBuildPhase;
			buildActionMask = 2147483647;
			files = (
			);
			runOnlyForDeploymentPostprocessing = 0;
		};
		A3A845B328BB8FCF003AAAB8 /* Frameworks */ = {
			isa = PBXFrameworksBuildPhase;
			buildActionMask = 2147483647;
			files = (
			);
			runOnlyForDeploymentPostprocessing = 0;
		};
		A3A845BD28BB8FCF003AAAB8 /* Frameworks */ = {
			isa = PBXFrameworksBuildPhase;
			buildActionMask = 2147483647;
			files = (
			);
			runOnlyForDeploymentPostprocessing = 0;
		};
/* End PBXFrameworksBuildPhase section */

/* Begin PBXGroup section */
		A3A8459728BB8FCB003AAAB8 = {
			isa = PBXGroup;
			children = (
				A3E7ACE628BE79540026A07E /* ReadMe.md */,
				A3A845A228BB8FCB003AAAB8 /* Capture */,
				A3A845A128BB8FCB003AAAB8 /* Products */,
			);
			sourceTree = "<group>";
		};
		A3A845A128BB8FCB003AAAB8 /* Products */ = {
			isa = PBXGroup;
			children = (
				A3A845A028BB8FCB003AAAB8 /* Capture.app */,
				A3A845B628BB8FCF003AAAB8 /* CaptureTests.xctest */,
				A3A845C028BB8FCF003AAAB8 /* CaptureUITests.xctest */,
			);
			name = Products;
			sourceTree = "<group>";
		};
		A3A845A228BB8FCB003AAAB8 /* Capture */ = {
			isa = PBXGroup;
			children = (
				A3A845D328BB9077003AAAB8 /* Model */,
				A3A845A328BB8FCB003AAAB8 /* AppDelegate.swift */,
				A3A845DD28BBA754003AAAB8 /* View */,
				A3A845D828BB93AD003AAAB8 /* Controller */,
				A3A845A928BB8FCB003AAAB8 /* Main.storyboard */,
				A3A845AC28BB8FCE003AAAB8 /* Assets.xcassets */,
				A3A845AE28BB8FCE003AAAB8 /* LaunchScreen.storyboard */,
				A3A845B128BB8FCE003AAAB8 /* Info.plist */,
			);
			path = Capture;
			sourceTree = "<group>";
		};
		A3A845D328BB9077003AAAB8 /* Model */ = {
			isa = PBXGroup;
			children = (
				A3A845D428BB90B3003AAAB8 /* Constants.swift */,
				A3A845E028BBAF9B003AAAB8 /* Photo.swift */,
				A3A845D628BB920C003AAAB8 /* Client.swift */,
				A3A845DB28BB960C003AAAB8 /* Methods.swift */,
				A3A845E228BBBC5E003AAAB8 /* SceneDelegate.swift */,
			);
			path = Model;
			sourceTree = "<group>";
		};
		A3A845D828BB93AD003AAAB8 /* Controller */ = {
			isa = PBXGroup;
			children = (
				A3A845D928BB9405003AAAB8 /* PhotoListViewController.swift */,
				A320C8E728BE578100400702 /* DescriptionViewControlller.swift */,
			);
			path = Controller;
			sourceTree = "<group>";
		};
		A3A845DD28BBA754003AAAB8 /* View */ = {
			isa = PBXGroup;
			children = (
				A3A845DE28BBA7E9003AAAB8 /* PhotoTableViewCell.swift */,
			);
			path = View;
			sourceTree = "<group>";
		};
/* End PBXGroup section */

/* Begin PBXNativeTarget section */
		A3A8459F28BB8FCB003AAAB8 /* Capture */ = {
			isa = PBXNativeTarget;
			buildConfigurationList = A3A845CA28BB8FCF003AAAB8 /* Build configuration list for PBXNativeTarget "Capture" */;
			buildPhases = (
				A3A8459C28BB8FCB003AAAB8 /* Sources */,
				A3A8459D28BB8FCB003AAAB8 /* Frameworks */,
				A3A8459E28BB8FCB003AAAB8 /* Resources */,
			);
			buildRules = (
			);
			dependencies = (
			);
			name = Capture;
			productName = Capture;
			productReference = A3A845A028BB8FCB003AAAB8 /* Capture.app */;
			productType = "com.apple.product-type.application";
		};
		A3A845B528BB8FCF003AAAB8 /* CaptureTests */ = {
			isa = PBXNativeTarget;
			buildConfigurationList = A3A845CD28BB8FCF003AAAB8 /* Build configuration list for PBXNativeTarget "CaptureTests" */;
			buildPhases = (
				A3A845B228BB8FCF003AAAB8 /* Sources */,
				A3A845B328BB8FCF003AAAB8 /* Frameworks */,
				A3A845B428BB8FCF003AAAB8 /* Resources */,
			);
			buildRules = (
			);
			dependencies = (
				A3A845B828BB8FCF003AAAB8 /* PBXTargetDependency */,
			);
			name = CaptureTests;
			productName = CaptureTests;
			productReference = A3A845B628BB8FCF003AAAB8 /* CaptureTests.xctest */;
			productType = "com.apple.product-type.bundle.unit-test";
		};
		A3A845BF28BB8FCF003AAAB8 /* CaptureUITests */ = {
			isa = PBXNativeTarget;
			buildConfigurationList = A3A845D028BB8FCF003AAAB8 /* Build configuration list for PBXNativeTarget "CaptureUITests" */;
			buildPhases = (
				A3A845BC28BB8FCF003AAAB8 /* Sources */,
				A3A845BD28BB8FCF003AAAB8 /* Frameworks */,
				A3A845BE28BB8FCF003AAAB8 /* Resources */,
			);
			buildRules = (
			);
			dependencies = (
				A3A845C228BB8FCF003AAAB8 /* PBXTargetDependency */,
			);
			name = CaptureUITests;
			productName = CaptureUITests;
			productReference = A3A845C028BB8FCF003AAAB8 /* CaptureUITests.xctest */;
			productType = "com.apple.product-type.bundle.ui-testing";
		};
/* End PBXNativeTarget section */

/* Begin PBXProject section */
		A3A8459828BB8FCB003AAAB8 /* Project object */ = {
			isa = PBXProject;
			attributes = {
				BuildIndependentTargetsInParallel = 1;
				LastSwiftUpdateCheck = 1340;
				LastUpgradeCheck = 1340;
				TargetAttributes = {
					A3A8459F28BB8FCB003AAAB8 = {
						CreatedOnToolsVersion = 13.4.1;
					};
					A3A845B528BB8FCF003AAAB8 = {
						CreatedOnToolsVersion = 13.4.1;
						TestTargetID = A3A8459F28BB8FCB003AAAB8;
					};
					A3A845BF28BB8FCF003AAAB8 = {
						CreatedOnToolsVersion = 13.4.1;
						TestTargetID = A3A8459F28BB8FCB003AAAB8;
					};
				};
			};
			buildConfigurationList = A3A8459B28BB8FCB003AAAB8 /* Build configuration list for PBXProject "Capture" */;
			compatibilityVersion = "Xcode 13.0";
			developmentRegion = en;
			hasScannedForEncodings = 0;
			knownRegions = (
				en,
				Base,
			);
			mainGroup = A3A8459728BB8FCB003AAAB8;
			productRefGroup = A3A845A128BB8FCB003AAAB8 /* Products */;
			projectDirPath = "";
			projectRoot = "";
			targets = (
				A3A8459F28BB8FCB003AAAB8 /* Capture */,
				A3A845B528BB8FCF003AAAB8 /* CaptureTests */,
				A3A845BF28BB8FCF003AAAB8 /* CaptureUITests */,
			);
		};
/* End PBXProject section */

/* Begin PBXResourcesBuildPhase section */
		A3A8459E28BB8FCB003AAAB8 /* Resources */ = {
			isa = PBXResourcesBuildPhase;
			buildActionMask = 2147483647;
			files = (
				A3A845B028BB8FCE003AAAB8 /* LaunchScreen.storyboard in Resources */,
				A3A845AD28BB8FCE003AAAB8 /* Assets.xcassets in Resources */,
				A3E7ACE728BE79540026A07E /* ReadMe.md in Resources */,
				A3A845AB28BB8FCB003AAAB8 /* Main.storyboard in Resources */,
			);
			runOnlyForDeploymentPostprocessing = 0;
		};
		A3A845B428BB8FCF003AAAB8 /* Resources */ = {
			isa = PBXResourcesBuildPhase;
			buildActionMask = 2147483647;
			files = (
			);
			runOnlyForDeploymentPostprocessing = 0;
		};
		A3A845BE28BB8FCF003AAAB8 /* Resources */ = {
			isa = PBXResourcesBuildPhase;
			buildActionMask = 2147483647;
			files = (
			);
			runOnlyForDeploymentPostprocessing = 0;
		};
/* End PBXResourcesBuildPhase section */

/* Begin PBXSourcesBuildPhase section */
		A3A8459C28BB8FCB003AAAB8 /* Sources */ = {
			isa = PBXSourcesBuildPhase;
			buildActionMask = 2147483647;
			files = (
				A3A845DF28BBA7E9003AAAB8 /* PhotoTableViewCell.swift in Sources */,
				A3A845DC28BB960C003AAAB8 /* Methods.swift in Sources */,
				A3A845E128BBAF9B003AAAB8 /* Photo.swift in Sources */,
				A3A845A428BB8FCB003AAAB8 /* AppDelegate.swift in Sources */,
				A3A845D728BB920C003AAAB8 /* Client.swift in Sources */,
				A320C8E828BE578100400702 /* DescriptionViewControlller.swift in Sources */,
				A3A845D528BB90B3003AAAB8 /* Constants.swift in Sources */,
				A3A845DA28BB9405003AAAB8 /* PhotoListViewController.swift in Sources */,
				A3A845E328BBBC5E003AAAB8 /* SceneDelegate.swift in Sources */,
			);
			runOnlyForDeploymentPostprocessing = 0;
		};
		A3A845B228BB8FCF003AAAB8 /* Sources */ = {
			isa = PBXSourcesBuildPhase;
			buildActionMask = 2147483647;
			files = (
			);
			runOnlyForDeploymentPostprocessing = 0;
		};
		A3A845BC28BB8FCF003AAAB8 /* Sources */ = {
			isa = PBXSourcesBuildPhase;
			buildActionMask = 2147483647;
			files = (
			);
			runOnlyForDeploymentPostprocessing = 0;
		};
/* End PBXSourcesBuildPhase section */

/* Begin PBXTargetDependency section */
		A3A845B828BB8FCF003AAAB8 /* PBXTargetDependency */ = {
			isa = PBXTargetDependency;
			target = A3A8459F28BB8FCB003AAAB8 /* Capture */;
			targetProxy = A3A845B728BB8FCF003AAAB8 /* PBXContainerItemProxy */;
		};
		A3A845C228BB8FCF003AAAB8 /* PBXTargetDependency */ = {
			isa = PBXTargetDependency;
			target = A3A8459F28BB8FCB003AAAB8 /* Capture */;
			targetProxy = A3A845C128BB8FCF003AAAB8 /* PBXContainerItemProxy */;
		};
/* End PBXTargetDependency section */

/* Begin PBXVariantGroup section */
		A3A845A928BB8FCB003AAAB8 /* Main.storyboard */ = {
			isa = PBXVariantGroup;
			children = (
				A3A845AA28BB8FCB003AAAB8 /* Base */,
			);
			name = Main.storyboard;
			sourceTree = "<group>";
		};
		A3A845AE28BB8FCE003AAAB8 /* LaunchScreen.storyboard */ = {
			isa = PBXVariantGroup;
			children = (
				A3A845AF28BB8FCE003AAAB8 /* Base */,
			);
			name = LaunchScreen.storyboard;
			sourceTree = "<group>";
		};
/* End PBXVariantGroup section */

/* Begin XCBuildConfiguration section */
		A3A845C828BB8FCF003AAAB8 /* Debug */ = {
			isa = XCBuildConfiguration;
			buildSettings = {
				ALWAYS_SEARCH_USER_PATHS = NO;
				CLANG_ANALYZER_NONNULL = YES;
				CLANG_ANALYZER_NUMBER_OBJECT_CONVERSION = YES_AGGRESSIVE;
				CLANG_CXX_LANGUAGE_STANDARD = "gnu++17";
				CLANG_ENABLE_MODULES = YES;
				CLANG_ENABLE_OBJC_ARC = YES;
				CLANG_ENABLE_OBJC_WEAK = YES;
				CLANG_WARN_BLOCK_CAPTURE_AUTORELEASING = YES;
				CLANG_WARN_BOOL_CONVERSION = YES;
				CLANG_WARN_COMMA = YES;
				CLANG_WARN_CONSTANT_CONVERSION = YES;
				CLANG_WARN_DEPRECATED_OBJC_IMPLEMENTATIONS = YES;
				CLANG_WARN_DIRECT_OBJC_ISA_USAGE = YES_ERROR;
				CLANG_WARN_DOCUMENTATION_COMMENTS = YES;
				CLANG_WARN_EMPTY_BODY = YES;
				CLANG_WARN_ENUM_CONVERSION = YES;
				CLANG_WARN_INFINITE_RECURSION = YES;
				CLANG_WARN_INT_CONVERSION = YES;
				CLANG_WARN_NON_LITERAL_NULL_CONVERSION = YES;
				CLANG_WARN_OBJC_IMPLICIT_RETAIN_SELF = YES;
				CLANG_WARN_OBJC_LITERAL_CONVERSION = YES;
				CLANG_WARN_OBJC_ROOT_CLASS = YES_ERROR;
				CLANG_WARN_QUOTED_INCLUDE_IN_FRAMEWORK_HEADER = YES;
				CLANG_WARN_RANGE_LOOP_ANALYSIS = YES;
				CLANG_WARN_STRICT_PROTOTYPES = YES;
				CLANG_WARN_SUSPICIOUS_MOVE = YES;
				CLANG_WARN_UNGUARDED_AVAILABILITY = YES_AGGRESSIVE;
				CLANG_WARN_UNREACHABLE_CODE = YES;
				CLANG_WARN__DUPLICATE_METHOD_MATCH = YES;
				COPY_PHASE_STRIP = NO;
				DEBUG_INFORMATION_FORMAT = dwarf;
				ENABLE_STRICT_OBJC_MSGSEND = YES;
				ENABLE_TESTABILITY = YES;
				GCC_C_LANGUAGE_STANDARD = gnu11;
				GCC_DYNAMIC_NO_PIC = NO;
				GCC_NO_COMMON_BLOCKS = YES;
				GCC_OPTIMIZATION_LEVEL = 0;
				GCC_PREPROCESSOR_DEFINITIONS = (
					"DEBUG=1",
					"$(inherited)",
				);
				GCC_WARN_64_TO_32_BIT_CONVERSION = YES;
				GCC_WARN_ABOUT_RETURN_TYPE = YES_ERROR;
				GCC_WARN_UNDECLARED_SELECTOR = YES;
				GCC_WARN_UNINITIALIZED_AUTOS = YES_AGGRESSIVE;
				GCC_WARN_UNUSED_FUNCTION = YES;
				GCC_WARN_UNUSED_VARIABLE = YES;
				IPHONEOS_DEPLOYMENT_TARGET = 15.5;
				MTL_ENABLE_DEBUG_INFO = INCLUDE_SOURCE;
				MTL_FAST_MATH = YES;
				ONLY_ACTIVE_ARCH = YES;
				SDKROOT = iphoneos;
				SWIFT_ACTIVE_COMPILATION_CONDITIONS = DEBUG;
				SWIFT_OPTIMIZATION_LEVEL = "-Onone";
			};
			name = Debug;
		};
		A3A845C928BB8FCF003AAAB8 /* Release */ = {
			isa = XCBuildConfiguration;
			buildSettings = {
				ALWAYS_SEARCH_USER_PATHS = NO;
				CLANG_ANALYZER_NONNULL = YES;
				CLANG_ANALYZER_NUMBER_OBJECT_CONVERSION = YES_AGGRESSIVE;
				CLANG_CXX_LANGUAGE_STANDARD = "gnu++17";
				CLANG_ENABLE_MODULES = YES;
				CLANG_ENABLE_OBJC_ARC = YES;
				CLANG_ENABLE_OBJC_WEAK = YES;
				CLANG_WARN_BLOCK_CAPTURE_AUTORELEASING = YES;
				CLANG_WARN_BOOL_CONVERSION = YES;
				CLANG_WARN_COMMA = YES;
				CLANG_WARN_CONSTANT_CONVERSION = YES;
				CLANG_WARN_DEPRECATED_OBJC_IMPLEMENTATIONS = YES;
				CLANG_WARN_DIRECT_OBJC_ISA_USAGE = YES_ERROR;
				CLANG_WARN_DOCUMENTATION_COMMENTS = YES;
				CLANG_WARN_EMPTY_BODY = YES;
				CLANG_WARN_ENUM_CONVERSION = YES;
				CLANG_WARN_INFINITE_RECURSION = YES;
				CLANG_WARN_INT_CONVERSION = YES;
				CLANG_WARN_NON_LITERAL_NULL_CONVERSION = YES;
				CLANG_WARN_OBJC_IMPLICIT_RETAIN_SELF = YES;
				CLANG_WARN_OBJC_LITERAL_CONVERSION = YES;
				CLANG_WARN_OBJC_ROOT_CLASS = YES_ERROR;
				CLANG_WARN_QUOTED_INCLUDE_IN_FRAMEWORK_HEADER = YES;
				CLANG_WARN_RANGE_LOOP_ANALYSIS = YES;
				CLANG_WARN_STRICT_PROTOTYPES = YES;
				CLANG_WARN_SUSPICIOUS_MOVE = YES;
				CLANG_WARN_UNGUARDED_AVAILABILITY = YES_AGGRESSIVE;
				CLANG_WARN_UNREACHABLE_CODE = YES;
				CLANG_WARN__DUPLICATE_METHOD_MATCH = YES;
				COPY_PHASE_STRIP = NO;
				DEBUG_INFORMATION_FORMAT = "dwarf-with-dsym";
				ENABLE_NS_ASSERTIONS = NO;
				ENABLE_STRICT_OBJC_MSGSEND = YES;
				GCC_C_LANGUAGE_STANDARD = gnu11;
				GCC_NO_COMMON_BLOCKS = YES;
				GCC_WARN_64_TO_32_BIT_CONVERSION = YES;
				GCC_WARN_ABOUT_RETURN_TYPE = YES_ERROR;
				GCC_WARN_UNDECLARED_SELECTOR = YES;
				GCC_WARN_UNINITIALIZED_AUTOS = YES_AGGRESSIVE;
				GCC_WARN_UNUSED_FUNCTION = YES;
				GCC_WARN_UNUSED_VARIABLE = YES;
				IPHONEOS_DEPLOYMENT_TARGET = 15.5;
				MTL_ENABLE_DEBUG_INFO = NO;
				MTL_FAST_MATH = YES;
				SDKROOT = iphoneos;
				SWIFT_COMPILATION_MODE = wholemodule;
				SWIFT_OPTIMIZATION_LEVEL = "-O";
				VALIDATE_PRODUCT = YES;
			};
			name = Release;
		};
		A3A845CB28BB8FCF003AAAB8 /* Debug */ = {
			isa = XCBuildConfiguration;
			buildSettings = {
				ASSETCATALOG_COMPILER_APPICON_NAME = AppIcon;
				ASSETCATALOG_COMPILER_GLOBAL_ACCENT_COLOR_NAME = AccentColor;
				CODE_SIGN_STYLE = Automatic;
				CURRENT_PROJECT_VERSION = 1;
				GENERATE_INFOPLIST_FILE = YES;
				INFOPLIST_FILE = Capture/Info.plist;
				INFOPLIST_KEY_UIApplicationSupportsIndirectInputEvents = YES;
				INFOPLIST_KEY_UILaunchStoryboardName = LaunchScreen;
				INFOPLIST_KEY_UIMainStoryboardFile = Main;
				INFOPLIST_KEY_UISupportedInterfaceOrientations_iPad = "UIInterfaceOrientationPortrait UIInterfaceOrientationPortraitUpsideDown UIInterfaceOrientationLandscapeLeft UIInterfaceOrientationLandscapeRight";
				INFOPLIST_KEY_UISupportedInterfaceOrientations_iPhone = "UIInterfaceOrientationPortrait UIInterfaceOrientationLandscapeLeft UIInterfaceOrientationLandscapeRight";
				LD_RUNPATH_SEARCH_PATHS = (
					"$(inherited)",
					"@executable_path/Frameworks",
				);
				MARKETING_VERSION = 1.0;
				PRODUCT_BUNDLE_IDENTIFIER = douglasfuller.Capture;
				PRODUCT_NAME = "$(TARGET_NAME)";
				SWIFT_EMIT_LOC_STRINGS = YES;
				SWIFT_VERSION = 5.0;
				TARGETED_DEVICE_FAMILY = "1,2";
			};
			name = Debug;
		};
		A3A845CC28BB8FCF003AAAB8 /* Release */ = {
			isa = XCBuildConfiguration;
			buildSettings = {
				ASSETCATALOG_COMPILER_APPICON_NAME = AppIcon;
				ASSETCATALOG_COMPILER_GLOBAL_ACCENT_COLOR_NAME = AccentColor;
				CODE_SIGN_STYLE = Automatic;
				CURRENT_PROJECT_VERSION = 1;
				GENERATE_INFOPLIST_FILE = YES;
				INFOPLIST_FILE = Capture/Info.plist;
				INFOPLIST_KEY_UIApplicationSupportsIndirectInputEvents = YES;
				INFOPLIST_KEY_UILaunchStoryboardName = LaunchScreen;
				INFOPLIST_KEY_UIMainStoryboardFile = Main;
				INFOPLIST_KEY_UISupportedInterfaceOrientations_iPad = "UIInterfaceOrientationPortrait UIInterfaceOrientationPortraitUpsideDown UIInterfaceOrientationLandscapeLeft UIInterfaceOrientationLandscapeRight";
				INFOPLIST_KEY_UISupportedInterfaceOrientations_iPhone = "UIInterfaceOrientationPortrait UIInterfaceOrientationLandscapeLeft UIInterfaceOrientationLandscapeRight";
				LD_RUNPATH_SEARCH_PATHS = (
					"$(inherited)",
					"@executable_path/Frameworks",
				);
				MARKETING_VERSION = 1.0;
				PRODUCT_BUNDLE_IDENTIFIER = douglasfuller.Capture;
				PRODUCT_NAME = "$(TARGET_NAME)";
				SWIFT_EMIT_LOC_STRINGS = YES;
				SWIFT_VERSION = 5.0;
				TARGETED_DEVICE_FAMILY = "1,2";
			};
			name = Release;
		};
		A3A845CE28BB8FCF003AAAB8 /* Debug */ = {
			isa = XCBuildConfiguration;
			buildSettings = {
				ALWAYS_EMBED_SWIFT_STANDARD_LIBRARIES = YES;
				BUNDLE_LOADER = "$(TEST_HOST)";
				CODE_SIGN_STYLE = Automatic;
				CURRENT_PROJECT_VERSION = 1;
				GENERATE_INFOPLIST_FILE = YES;
				IPHONEOS_DEPLOYMENT_TARGET = 15.5;
				MARKETING_VERSION = 1.0;
				PRODUCT_BUNDLE_IDENTIFIER = douglasfuller.CaptureTests;
				PRODUCT_NAME = "$(TARGET_NAME)";
				SWIFT_EMIT_LOC_STRINGS = NO;
				SWIFT_VERSION = 5.0;
				TARGETED_DEVICE_FAMILY = "1,2";
				TEST_HOST = "$(BUILT_PRODUCTS_DIR)/Capture.app/Capture";
			};
			name = Debug;
		};
		A3A845CF28BB8FCF003AAAB8 /* Release */ = {
			isa = XCBuildConfiguration;
			buildSettings = {
				ALWAYS_EMBED_SWIFT_STANDARD_LIBRARIES = YES;
				BUNDLE_LOADER = "$(TEST_HOST)";
				CODE_SIGN_STYLE = Automatic;
				CURRENT_PROJECT_VERSION = 1;
				GENERATE_INFOPLIST_FILE = YES;
				IPHONEOS_DEPLOYMENT_TARGET = 15.5;
				MARKETING_VERSION = 1.0;
				PRODUCT_BUNDLE_IDENTIFIER = douglasfuller.CaptureTests;
				PRODUCT_NAME = "$(TARGET_NAME)";
				SWIFT_EMIT_LOC_STRINGS = NO;
				SWIFT_VERSION = 5.0;
				TARGETED_DEVICE_FAMILY = "1,2";
				TEST_HOST = "$(BUILT_PRODUCTS_DIR)/Capture.app/Capture";
			};
			name = Release;
		};
		A3A845D128BB8FCF003AAAB8 /* Debug */ = {
			isa = XCBuildConfiguration;
			buildSettings = {
				ALWAYS_EMBED_SWIFT_STANDARD_LIBRARIES = YES;
				CODE_SIGN_STYLE = Automatic;
				CURRENT_PROJECT_VERSION = 1;
				GENERATE_INFOPLIST_FILE = YES;
				MARKETING_VERSION = 1.0;
				PRODUCT_BUNDLE_IDENTIFIER = douglasfuller.CaptureUITests;
				PRODUCT_NAME = "$(TARGET_NAME)";
				SWIFT_EMIT_LOC_STRINGS = NO;
				SWIFT_VERSION = 5.0;
				TARGETED_DEVICE_FAMILY = "1,2";
				TEST_TARGET_NAME = Capture;
			};
			name = Debug;
		};
		A3A845D228BB8FCF003AAAB8 /* Release */ = {
			isa = XCBuildConfiguration;
			buildSettings = {
				ALWAYS_EMBED_SWIFT_STANDARD_LIBRARIES = YES;
				CODE_SIGN_STYLE = Automatic;
				CURRENT_PROJECT_VERSION = 1;
				GENERATE_INFOPLIST_FILE = YES;
				MARKETING_VERSION = 1.0;
				PRODUCT_BUNDLE_IDENTIFIER = douglasfuller.CaptureUITests;
				PRODUCT_NAME = "$(TARGET_NAME)";
				SWIFT_EMIT_LOC_STRINGS = NO;
				SWIFT_VERSION = 5.0;
				TARGETED_DEVICE_FAMILY = "1,2";
				TEST_TARGET_NAME = Capture;
			};
			name = Release;
		};
/* End XCBuildConfiguration section */

/* Begin XCConfigurationList section */
		A3A8459B28BB8FCB003AAAB8 /* Build configuration list for PBXProject "Capture" */ = {
			isa = XCConfigurationList;
			buildConfigurations = (
				A3A845C828BB8FCF003AAAB8 /* Debug */,
				A3A845C928BB8FCF003AAAB8 /* Release */,
			);
			defaultConfigurationIsVisible = 0;
			defaultConfigurationName = Release;
		};
		A3A845CA28BB8FCF003AAAB8 /* Build configuration list for PBXNativeTarget "Capture" */ = {
			isa = XCConfigurationList;
			buildConfigurations = (
				A3A845CB28BB8FCF003AAAB8 /* Debug */,
				A3A845CC28BB8FCF003AAAB8 /* Release */,
			);
			defaultConfigurationIsVisible = 0;
			defaultConfigurationName = Release;
		};
		A3A845CD28BB8FCF003AAAB8 /* Build configuration list for PBXNativeTarget "CaptureTests" */ = {
			isa = XCConfigurationList;
			buildConfigurations = (
				A3A845CE28BB8FCF003AAAB8 /* Debug */,
				A3A845CF28BB8FCF003AAAB8 /* Release */,
			);
			defaultConfigurationIsVisible = 0;
			defaultConfigurationName = Release;
		};
		A3A845D028BB8FCF003AAAB8 /* Build configuration list for PBXNativeTarget "CaptureUITests" */ = {
			isa = XCConfigurationList;
			buildConfigurations = (
				A3A845D128BB8FCF003AAAB8 /* Debug */,
				A3A845D228BB8FCF003AAAB8 /* Release */,
			);
			defaultConfigurationIsVisible = 0;
			defaultConfigurationName = Release;
		};
/* End XCConfigurationList section */
	};
	rootObject = A3A8459828BB8FCB003AAAB8 /* Project object */;
}
